
Microsoft Visual Studio Solution File, Format Version 12.00
# Visual Studio Version 16
VisualStudioVersion = 16.0.31624.102
MinimumVisualStudioVersion = 10.0.40219.1
Project("{2150E333-8FDC-42A3-9474-1A3956D46DE8}") = "Services", "Services", "{80048870-19AA-4973-82D2-859290E412DF}"
EndProject
Project("{2150E333-8FDC-42A3-9474-1A3956D46DE8}") = "Basket", "Basket", "{57B4A3AA-8293-40BB-8519-FB6B37B62BF2}"
EndProject
Project("{2150E333-8FDC-42A3-9474-1A3956D46DE8}") = "Campaign", "Campaign", "{846B2984-707C-4CDF-BD1B-3EF324056A14}"
EndProject
Project("{2150E333-8FDC-42A3-9474-1A3956D46DE8}") = "Order", "Order", "{A8E00A32-F5CF-4998-B24B-06CB90C518D2}"
EndProject
Project("{2150E333-8FDC-42A3-9474-1A3956D46DE8}") = "Product", "Product", "{92F6F779-768B-445D-B157-872DEF7525F4}"
EndProject
Project("{2150E333-8FDC-42A3-9474-1A3956D46DE8}") = "Shared", "Shared", "{4155243C-AA1D-4DF0-AE49-BA730EDF1E4A}"
EndProject
Project("{2150E333-8FDC-42A3-9474-1A3956D46DE8}") = "WebApi", "WebApi", "{E3BC4FDF-51D2-479F-AE31-143B3262694C}"
EndProject
Project("{9A19103F-16F7-4668-BE54-9A1E7A4F7556}") = "Basket.API", "Services\Basket\Basket.API\Basket.API.csproj", "{C5E8E272-577F-411E-AD24-D8AE475EFD6D}"
EndProject
Project("{9A19103F-16F7-4668-BE54-9A1E7A4F7556}") = "Basket.Core", "Services\Basket\Basket.Core\Basket.Core.csproj", "{781E4D51-DE35-48DE-9EF1-291E0B3617CD}"
EndProject
Project("{9A19103F-16F7-4668-BE54-9A1E7A4F7556}") = "Basket.Models", "Services\Basket\Basket.Models\Basket.Models.csproj", "{F9C73B46-592B-44EA-923D-4AE61BB14B58}"
EndProject
Project("{9A19103F-16F7-4668-BE54-9A1E7A4F7556}") = "Basket.Services", "Services\Basket\Basket.Services\Basket.Services.csproj", "{78995900-91AC-407A-B347-41AD51D6000C}"
EndProject
Project("{9A19103F-16F7-4668-BE54-9A1E7A4F7556}") = "Campaign.API", "Services\Campaign\Campaign.API\Campaign.API.csproj", "{7914A652-64BE-471B-8F7C-6D1BBFB13F9E}"
EndProject
Project("{9A19103F-16F7-4668-BE54-9A1E7A4F7556}") = "Campaign.Core", "Services\Campaign\Campaign.Core\Campaign.Core.csproj", "{6C77C497-F217-43D3-B7B1-B3AD6BE33E41}"
EndProject
Project("{9A19103F-16F7-4668-BE54-9A1E7A4F7556}") = "Campaign.Models", "Services\Campaign\Campaign.Models\Campaign.Models.csproj", "{2854F1F9-7582-477E-9844-5A49F47D15A7}"
EndProject
Project("{9A19103F-16F7-4668-BE54-9A1E7A4F7556}") = "Campaign.Services", "Services\Campaign\Campaign.Services\Campaign.Services.csproj", "{20147831-F535-4955-A41F-E82A489F260B}"
EndProject
Project("{9A19103F-16F7-4668-BE54-9A1E7A4F7556}") = "Order.API", "Services\Order\Order.API\Order.API.csproj", "{0538176A-3A2B-433D-95F0-94939B74FA3F}"
EndProject
Project("{9A19103F-16F7-4668-BE54-9A1E7A4F7556}") = "Order.Application", "Services\Order\Order.Application\Order.Application.csproj", "{5FA0A4BB-4A5D-4B7E-8002-2CE992BAD7F1}"
EndProject
Project("{9A19103F-16F7-4668-BE54-9A1E7A4F7556}") = "Order.Domain", "Services\Order\Order.Domain\Order.Domain.csproj", "{203B7B3B-5E2A-4AE1-9D4D-3B40155145FA}"
EndProject
Project("{9A19103F-16F7-4668-BE54-9A1E7A4F7556}") = "Order.Domain.Core", "Services\Order\Order.Domain.Core\Order.Domain.Core.csproj", "{6BFD2E70-3E69-4CE8-98ED-560943CB91AF}"
EndProject
Project("{9A19103F-16F7-4668-BE54-9A1E7A4F7556}") = "Order.Instrastructure", "Services\Order\Order.Instrastructure\Order.Instrastructure.csproj", "{85085D77-24BE-4E12-98D4-88931765A823}"
EndProject
Project("{9A19103F-16F7-4668-BE54-9A1E7A4F7556}") = "Product.API", "Services\Product\Product.API\Product.API.csproj", "{6557BDB3-0CE7-45B9-B082-59154093205B}"
EndProject
Project("{9A19103F-16F7-4668-BE54-9A1E7A4F7556}") = "Product.Core", "Services\Product\Product.Core\Product.Core.csproj", "{F8CFD3E1-1081-4505-B4FC-92376AE89A55}"
EndProject
Project("{9A19103F-16F7-4668-BE54-9A1E7A4F7556}") = "Product.Data", "Services\Product\Product.Data\Product.Data.csproj", "{C8FDD1BF-2A88-4A85-BD55-E8E6E71D88B5}"
EndProject
Project("{9A19103F-16F7-4668-BE54-9A1E7A4F7556}") = "Product.Models", "Services\Product\Product.Models\Product.Models.csproj", "{2CC8476D-9E99-452F-9609-D0A235F4DC7C}"
EndProject
Project("{9A19103F-16F7-4668-BE54-9A1E7A4F7556}") = "Product.Services", "Services\Product\Product.Services\Product.Services.csproj", "{64931106-E212-42D4-9A66-83521ECABB50}"
EndProject
Project("{9A19103F-16F7-4668-BE54-9A1E7A4F7556}") = "Product.Test", "Services\Product\Product.Test\Product.Test.csproj", "{65CD5BD8-3437-4D11-9161-596D5D9CDABE}"
EndProject
Project("{9A19103F-16F7-4668-BE54-9A1E7A4F7556}") = "Shared", "Shared\Shared\Shared.csproj", "{2E2B188C-D746-4AF1-B98B-5D8637275333}"
EndProject
Project("{9A19103F-16F7-4668-BE54-9A1E7A4F7556}") = "Web.API", "WebApi\Web.API\Web.API.csproj", "{E9DFA0F2-BD73-4D9C-8314-23B9F51F1F01}"
EndProject
Project("{9A19103F-16F7-4668-BE54-9A1E7A4F7556}") = "Web.Client", "WebApi\Web.Client\Web.Client.csproj", "{D635A8CB-E7D1-45F6-AB7A-28BFBEBAAEE6}"
EndProject
Project("{9A19103F-16F7-4668-BE54-9A1E7A4F7556}") = "Web.Core", "WebApi\Web.Core\Web.Core.csproj", "{ACC1C94E-E1A3-4EEA-8256-0172735E0C1B}"
EndProject
Project("{9A19103F-16F7-4668-BE54-9A1E7A4F7556}") = "Web.Models", "WebApi\Web.Models\Web.Models.csproj", "{898529BC-893A-4154-B97D-E9101E5B323E}"
EndProject
Global
	GlobalSection(SolutionConfigurationPlatforms) = preSolution
		Debug|Any CPU = Debug|Any CPU
		Release|Any CPU = Release|Any CPU
	EndGlobalSection
	GlobalSection(ProjectConfigurationPlatforms) = postSolution
		{C5E8E272-577F-411E-AD24-D8AE475EFD6D}.Debug|Any CPU.ActiveCfg = Debug|Any CPU
		{C5E8E272-577F-411E-AD24-D8AE475EFD6D}.Debug|Any CPU.Build.0 = Debug|Any CPU
		{C5E8E272-577F-411E-AD24-D8AE475EFD6D}.Release|Any CPU.ActiveCfg = Release|Any CPU
		{C5E8E272-577F-411E-AD24-D8AE475EFD6D}.Release|Any CPU.Build.0 = Release|Any CPU
		{781E4D51-DE35-48DE-9EF1-291E0B3617CD}.Debug|Any CPU.ActiveCfg = Debug|Any CPU
		{781E4D51-DE35-48DE-9EF1-291E0B3617CD}.Debug|Any CPU.Build.0 = Debug|Any CPU
		{781E4D51-DE35-48DE-9EF1-291E0B3617CD}.Release|Any CPU.ActiveCfg = Release|Any CPU
		{781E4D51-DE35-48DE-9EF1-291E0B3617CD}.Release|Any CPU.Build.0 = Release|Any CPU
		{F9C73B46-592B-44EA-923D-4AE61BB14B58}.Debug|Any CPU.ActiveCfg = Debug|Any CPU
		{F9C73B46-592B-44EA-923D-4AE61BB14B58}.Debug|Any CPU.Build.0 = Debug|Any CPU
		{F9C73B46-592B-44EA-923D-4AE61BB14B58}.Release|Any CPU.ActiveCfg = Release|Any CPU
		{F9C73B46-592B-44EA-923D-4AE61BB14B58}.Release|Any CPU.Build.0 = Release|Any CPU
		{78995900-91AC-407A-B347-41AD51D6000C}.Debug|Any CPU.ActiveCfg = Debug|Any CPU
		{78995900-91AC-407A-B347-41AD51D6000C}.Debug|Any CPU.Build.0 = Debug|Any CPU
		{78995900-91AC-407A-B347-41AD51D6000C}.Release|Any CPU.ActiveCfg = Release|Any CPU
		{78995900-91AC-407A-B347-41AD51D6000C}.Release|Any CPU.Build.0 = Release|Any CPU
		{7914A652-64BE-471B-8F7C-6D1BBFB13F9E}.Debug|Any CPU.ActiveCfg = Debug|Any CPU
		{7914A652-64BE-471B-8F7C-6D1BBFB13F9E}.Debug|Any CPU.Build.0 = Debug|Any CPU
		{7914A652-64BE-471B-8F7C-6D1BBFB13F9E}.Release|Any CPU.ActiveCfg = Release|Any CPU
		{7914A652-64BE-471B-8F7C-6D1BBFB13F9E}.Release|Any CPU.Build.0 = Release|Any CPU
		{6C77C497-F217-43D3-B7B1-B3AD6BE33E41}.Debug|Any CPU.ActiveCfg = Debug|Any CPU
		{6C77C497-F217-43D3-B7B1-B3AD6BE33E41}.Debug|Any CPU.Build.0 = Debug|Any CPU
		{6C77C497-F217-43D3-B7B1-B3AD6BE33E41}.Release|Any CPU.ActiveCfg = Release|Any CPU
		{6C77C497-F217-43D3-B7B1-B3AD6BE33E41}.Release|Any CPU.Build.0 = Release|Any CPU
		{2854F1F9-7582-477E-9844-5A49F47D15A7}.Debug|Any CPU.ActiveCfg = Debug|Any CPU
		{2854F1F9-7582-477E-9844-5A49F47D15A7}.Debug|Any CPU.Build.0 = Debug|Any CPU
		{2854F1F9-7582-477E-9844-5A49F47D15A7}.Release|Any CPU.ActiveCfg = Release|Any CPU
		{2854F1F9-7582-477E-9844-5A49F47D15A7}.Release|Any CPU.Build.0 = Release|Any CPU
		{20147831-F535-4955-A41F-E82A489F260B}.Debug|Any CPU.ActiveCfg = Debug|Any CPU
		{20147831-F535-4955-A41F-E82A489F260B}.Debug|Any CPU.Build.0 = Debug|Any CPU
		{20147831-F535-4955-A41F-E82A489F260B}.Release|Any CPU.ActiveCfg = Release|Any CPU
		{20147831-F535-4955-A41F-E82A489F260B}.Release|Any CPU.Build.0 = Release|Any CPU
		{0538176A-3A2B-433D-95F0-94939B74FA3F}.Debug|Any CPU.ActiveCfg = Debug|Any CPU
		{0538176A-3A2B-433D-95F0-94939B74FA3F}.Debug|Any CPU.Build.0 = Debug|Any CPU
		{0538176A-3A2B-433D-95F0-94939B74FA3F}.Release|Any CPU.ActiveCfg = Release|Any CPU
		{0538176A-3A2B-433D-95F0-94939B74FA3F}.Release|Any CPU.Build.0 = Release|Any CPU
		{5FA0A4BB-4A5D-4B7E-8002-2CE992BAD7F1}.Debug|Any CPU.ActiveCfg = Debug|Any CPU
		{5FA0A4BB-4A5D-4B7E-8002-2CE992BAD7F1}.Debug|Any CPU.Build.0 = Debug|Any CPU
		{5FA0A4BB-4A5D-4B7E-8002-2CE992BAD7F1}.Release|Any CPU.ActiveCfg = Release|Any CPU
		{5FA0A4BB-4A5D-4B7E-8002-2CE992BAD7F1}.Release|Any CPU.Build.0 = Release|Any CPU
		{203B7B3B-5E2A-4AE1-9D4D-3B40155145FA}.Debug|Any CPU.ActiveCfg = Debug|Any CPU
		{203B7B3B-5E2A-4AE1-9D4D-3B40155145FA}.Debug|Any CPU.Build.0 = Debug|Any CPU
		{203B7B3B-5E2A-4AE1-9D4D-3B40155145FA}.Release|Any CPU.ActiveCfg = Release|Any CPU
		{203B7B3B-5E2A-4AE1-9D4D-3B40155145FA}.Release|Any CPU.Build.0 = Release|Any CPU
		{6BFD2E70-3E69-4CE8-98ED-560943CB91AF}.Debug|Any CPU.ActiveCfg = Debug|Any CPU
		{6BFD2E70-3E69-4CE8-98ED-560943CB91AF}.Debug|Any CPU.Build.0 = Debug|Any CPU
		{6BFD2E70-3E69-4CE8-98ED-560943CB91AF}.Release|Any CPU.ActiveCfg = Release|Any CPU
		{6BFD2E70-3E69-4CE8-98ED-560943CB91AF}.Release|Any CPU.Build.0 = Release|Any CPU
		{85085D77-24BE-4E12-98D4-88931765A823}.Debug|Any CPU.ActiveCfg = Debug|Any CPU
		{85085D77-24BE-4E12-98D4-88931765A823}.Debug|Any CPU.Build.0 = Debug|Any CPU
		{85085D77-24BE-4E12-98D4-88931765A823}.Release|Any CPU.ActiveCfg = Release|Any CPU
		{85085D77-24BE-4E12-98D4-88931765A823}.Release|Any CPU.Build.0 = Release|Any CPU
		{6557BDB3-0CE7-45B9-B082-59154093205B}.Debug|Any CPU.ActiveCfg = Debug|Any CPU
		{6557BDB3-0CE7-45B9-B082-59154093205B}.Debug|Any CPU.Build.0 = Debug|Any CPU
		{6557BDB3-0CE7-45B9-B082-59154093205B}.Release|Any CPU.ActiveCfg = Release|Any CPU
		{6557BDB3-0CE7-45B9-B082-59154093205B}.Release|Any CPU.Build.0 = Release|Any CPU
		{F8CFD3E1-1081-4505-B4FC-92376AE89A55}.Debug|Any CPU.ActiveCfg = Debug|Any CPU
		{F8CFD3E1-1081-4505-B4FC-92376AE89A55}.Debug|Any CPU.Build.0 = Debug|Any CPU
		{F8CFD3E1-1081-4505-B4FC-92376AE89A55}.Release|Any CPU.ActiveCfg = Release|Any CPU
		{F8CFD3E1-1081-4505-B4FC-92376AE89A55}.Release|Any CPU.Build.0 = Release|Any CPU
		{C8FDD1BF-2A88-4A85-BD55-E8E6E71D88B5}.Debug|Any CPU.ActiveCfg = Debug|Any CPU
		{C8FDD1BF-2A88-4A85-BD55-E8E6E71D88B5}.Debug|Any CPU.Build.0 = Debug|Any CPU
		{C8FDD1BF-2A88-4A85-BD55-E8E6E71D88B5}.Release|Any CPU.ActiveCfg = Release|Any CPU
		{C8FDD1BF-2A88-4A85-BD55-E8E6E71D88B5}.Release|Any CPU.Build.0 = Release|Any CPU
		{2CC8476D-9E99-452F-9609-D0A235F4DC7C}.Debug|Any CPU.ActiveCfg = Debug|Any CPU
		{2CC8476D-9E99-452F-9609-D0A235F4DC7C}.Debug|Any CPU.Build.0 = Debug|Any CPU
		{2CC8476D-9E99-452F-9609-D0A235F4DC7C}.Release|Any CPU.ActiveCfg = Release|Any CPU
		{2CC8476D-9E99-452F-9609-D0A235F4DC7C}.Release|Any CPU.Build.0 = Release|Any CPU
		{64931106-E212-42D4-9A66-83521ECABB50}.Debug|Any CPU.ActiveCfg = Debug|Any CPU
		{64931106-E212-42D4-9A66-83521ECABB50}.Debug|Any CPU.Build.0 = Debug|Any CPU
		{64931106-E212-42D4-9A66-83521ECABB50}.Release|Any CPU.ActiveCfg = Release|Any CPU
		{64931106-E212-42D4-9A66-83521ECABB50}.Release|Any CPU.Build.0 = Release|Any CPU
		{65CD5BD8-3437-4D11-9161-596D5D9CDABE}.Debug|Any CPU.ActiveCfg = Debug|Any CPU
		{65CD5BD8-3437-4D11-9161-596D5D9CDABE}.Debug|Any CPU.Build.0 = Debug|Any CPU
		{65CD5BD8-3437-4D11-9161-596D5D9CDABE}.Release|Any CPU.ActiveCfg = Release|Any CPU
		{65CD5BD8-3437-4D11-9161-596D5D9CDABE}.Release|Any CPU.Build.0 = Release|Any CPU
		{2E2B188C-D746-4AF1-B98B-5D8637275333}.Debug|Any CPU.ActiveCfg = Debug|Any CPU
		{2E2B188C-D746-4AF1-B98B-5D8637275333}.Debug|Any CPU.Build.0 = Debug|Any CPU
		{2E2B188C-D746-4AF1-B98B-5D8637275333}.Release|Any CPU.ActiveCfg = Release|Any CPU
		{2E2B188C-D746-4AF1-B98B-5D8637275333}.Release|Any CPU.Build.0 = Release|Any CPU
		{E9DFA0F2-BD73-4D9C-8314-23B9F51F1F01}.Debug|Any CPU.ActiveCfg = Debug|Any CPU
		{E9DFA0F2-BD73-4D9C-8314-23B9F51F1F01}.Debug|Any CPU.Build.0 = Debug|Any CPU
		{E9DFA0F2-BD73-4D9C-8314-23B9F51F1F01}.Release|Any CPU.ActiveCfg = Release|Any CPU
		{E9DFA0F2-BD73-4D9C-8314-23B9F51F1F01}.Release|Any CPU.Build.0 = Release|Any CPU
		{D635A8CB-E7D1-45F6-AB7A-28BFBEBAAEE6}.Debug|Any CPU.ActiveCfg = Debug|Any CPU
		{D635A8CB-E7D1-45F6-AB7A-28BFBEBAAEE6}.Debug|Any CPU.Build.0 = Debug|Any CPU
		{D635A8CB-E7D1-45F6-AB7A-28BFBEBAAEE6}.Release|Any CPU.ActiveCfg = Release|Any CPU
		{D635A8CB-E7D1-45F6-AB7A-28BFBEBAAEE6}.Release|Any CPU.Build.0 = Release|Any CPU
		{ACC1C94E-E1A3-4EEA-8256-0172735E0C1B}.Debug|Any CPU.ActiveCfg = Debug|Any CPU
		{ACC1C94E-E1A3-4EEA-8256-0172735E0C1B}.Debug|Any CPU.Build.0 = Debug|Any CPU
		{ACC1C94E-E1A3-4EEA-8256-0172735E0C1B}.Release|Any CPU.ActiveCfg = Release|Any CPU
		{ACC1C94E-E1A3-4EEA-8256-0172735E0C1B}.Release|Any CPU.Build.0 = Release|Any CPU
		{898529BC-893A-4154-B97D-E9101E5B323E}.Debug|Any CPU.ActiveCfg = Debug|Any CPU
		{898529BC-893A-4154-B97D-E9101E5B323E}.Debug|Any CPU.Build.0 = Debug|Any CPU
		{898529BC-893A-4154-B97D-E9101E5B323E}.Release|Any CPU.ActiveCfg = Release|Any CPU
		{898529BC-893A-4154-B97D-E9101E5B323E}.Release|Any CPU.Build.0 = Release|Any CPU
	EndGlobalSection
	GlobalSection(SolutionProperties) = preSolution
		HideSolutionNode = FALSE
	EndGlobalSection
	GlobalSection(NestedProjects) = preSolution
		{57B4A3AA-8293-40BB-8519-FB6B37B62BF2} = {80048870-19AA-4973-82D2-859290E412DF}
		{846B2984-707C-4CDF-BD1B-3EF324056A14} = {80048870-19AA-4973-82D2-859290E412DF}
		{A8E00A32-F5CF-4998-B24B-06CB90C518D2} = {80048870-19AA-4973-82D2-859290E412DF}
		{92F6F779-768B-445D-B157-872DEF7525F4} = {80048870-19AA-4973-82D2-859290E412DF}
		{C5E8E272-577F-411E-AD24-D8AE475EFD6D} = {57B4A3AA-8293-40BB-8519-FB6B37B62BF2}
		{781E4D51-DE35-48DE-9EF1-291E0B3617CD} = {57B4A3AA-8293-40BB-8519-FB6B37B62BF2}
		{F9C73B46-592B-44EA-923D-4AE61BB14B58} = {57B4A3AA-8293-40BB-8519-FB6B37B62BF2}
		{78995900-91AC-407A-B347-41AD51D6000C} = {57B4A3AA-8293-40BB-8519-FB6B37B62BF2}
		{7914A652-64BE-471B-8F7C-6D1BBFB13F9E} = {846B2984-707C-4CDF-BD1B-3EF324056A14}
		{6C77C497-F217-43D3-B7B1-B3AD6BE33E41} = {846B2984-707C-4CDF-BD1B-3EF324056A14}
		{2854F1F9-7582-477E-9844-5A49F47D15A7} = {846B2984-707C-4CDF-BD1B-3EF324056A14}
		{20147831-F535-4955-A41F-E82A489F260B} = {846B2984-707C-4CDF-BD1B-3EF324056A14}
		{0538176A-3A2B-433D-95F0-94939B74FA3F} = {A8E00A32-F5CF-4998-B24B-06CB90C518D2}
		{5FA0A4BB-4A5D-4B7E-8002-2CE992BAD7F1} = {A8E00A32-F5CF-4998-B24B-06CB90C518D2}
		{203B7B3B-5E2A-4AE1-9D4D-3B40155145FA} = {A8E00A32-F5CF-4998-B24B-06CB90C518D2}
		{6BFD2E70-3E69-4CE8-98ED-560943CB91AF} = {A8E00A32-F5CF-4998-B24B-06CB90C518D2}
		{85085D77-24BE-4E12-98D4-88931765A823} = {A8E00A32-F5CF-4998-B24B-06CB90C518D2}
		{6557BDB3-0CE7-45B9-B082-59154093205B} = {92F6F779-768B-445D-B157-872DEF7525F4}
		{F8CFD3E1-1081-4505-B4FC-92376AE89A55} = {92F6F779-768B-445D-B157-872DEF7525F4}
		{C8FDD1BF-2A88-4A85-BD55-E8E6E71D88B5} = {92F6F779-768B-445D-B157-872DEF7525F4}
		{2CC8476D-9E99-452F-9609-D0A235F4DC7C} = {92F6F779-768B-445D-B157-872DEF7525F4}
		{64931106-E212-42D4-9A66-83521ECABB50} = {92F6F779-768B-445D-B157-872DEF7525F4}
		{65CD5BD8-3437-4D11-9161-596D5D9CDABE} = {92F6F779-768B-445D-B157-872DEF7525F4}
		{2E2B188C-D746-4AF1-B98B-5D8637275333} = {4155243C-AA1D-4DF0-AE49-BA730EDF1E4A}
		{E9DFA0F2-BD73-4D9C-8314-23B9F51F1F01} = {E3BC4FDF-51D2-479F-AE31-143B3262694C}
		{D635A8CB-E7D1-45F6-AB7A-28BFBEBAAEE6} = {E3BC4FDF-51D2-479F-AE31-143B3262694C}
		{ACC1C94E-E1A3-4EEA-8256-0172735E0C1B} = {E3BC4FDF-51D2-479F-AE31-143B3262694C}
		{898529BC-893A-4154-B97D-E9101E5B323E} = {E3BC4FDF-51D2-479F-AE31-143B3262694C}
	EndGlobalSection
	GlobalSection(ExtensibilityGlobals) = postSolution
		SolutionGuid = {93B90F6F-E307-49F2-9B7E-6168842437AE}
	EndGlobalSection
EndGlobal
